// !$*UTF8*$!
{
	archiveVersion = 1;
	classes = {
	};
	objectVersion = 56;
	objects = {

/* Begin PBXBuildFile section */
		0A7D1D8D2BA2053900BAE2F3 /* CameraPicker.swift in Sources */ = {isa = PBXBuildFile; fileRef = 0A7D1D8C2BA2053900BAE2F3 /* CameraPicker.swift */; };
		0A7D1D8F2BA2054400BAE2F3 /* LibraryPicker.swift in Sources */ = {isa = PBXBuildFile; fileRef = 0A7D1D8E2BA2054400BAE2F3 /* LibraryPicker.swift */; };
		0AC4D1FD2B9CF843004F8576 /* JobSearch_G5App.swift in Sources */ = {isa = PBXBuildFile; fileRef = 0AC4D1FC2B9CF843004F8576 /* JobSearch_G5App.swift */; };
		0AC4D1FF2B9CF843004F8576 /* SignInView.swift in Sources */ = {isa = PBXBuildFile; fileRef = 0AC4D1FE2B9CF843004F8576 /* SignInView.swift */; };
		0AC4D2012B9CF845004F8576 /* Assets.xcassets in Resources */ = {isa = PBXBuildFile; fileRef = 0AC4D2002B9CF845004F8576 /* Assets.xcassets */; };
		0AC4D2042B9CF845004F8576 /* Preview Assets.xcassets in Resources */ = {isa = PBXBuildFile; fileRef = 0AC4D2032B9CF845004F8576 /* Preview Assets.xcassets */; };
		0AC4D20B2B9E0FF6004F8576 /* HomeScreen.swift in Sources */ = {isa = PBXBuildFile; fileRef = 0AC4D20A2B9E0FF6004F8576 /* HomeScreen.swift */; };
		0AC4D20D2B9E1071004F8576 /* SignUpView.swift in Sources */ = {isa = PBXBuildFile; fileRef = 0AC4D20C2B9E1071004F8576 /* SignUpView.swift */; };
		0AC4D2522B9E1A9E004F8576 /* SearchJobView.swift in Sources */ = {isa = PBXBuildFile; fileRef = 0AC4D2512B9E1A9E004F8576 /* SearchJobView.swift */; };
		0AC4D2542B9E1B10004F8576 /* BookmarkedJobsView.swift in Sources */ = {isa = PBXBuildFile; fileRef = 0AC4D2532B9E1B10004F8576 /* BookmarkedJobsView.swift */; };
		0AC4D2562B9E1B9D004F8576 /* ProfileView.swift in Sources */ = {isa = PBXBuildFile; fileRef = 0AC4D2552B9E1B9D004F8576 /* ProfileView.swift */; };
		0AC4D2B12B9E3967004F8576 /* GoogleService-Info.plist in Resources */ = {isa = PBXBuildFile; fileRef = 0AC4D2B02B9E3967004F8576 /* GoogleService-Info.plist */; };
		0AC4D2B32B9E408B004F8576 /* FireAuthHelper.swift in Sources */ = {isa = PBXBuildFile; fileRef = 0AC4D2B22B9E408B004F8576 /* FireAuthHelper.swift */; };
		0AC4D2DA2B9FE208004F8576 /* Job.swift in Sources */ = {isa = PBXBuildFile; fileRef = 0AC4D2D92B9FE208004F8576 /* Job.swift */; };
		0AC4D2DD2B9FE229004F8576 /* JobService.swift in Sources */ = {isa = PBXBuildFile; fileRef = 0AC4D2DC2B9FE229004F8576 /* JobService.swift */; };
		0AC4D2DF2B9FE268004F8576 /* MapView.swift in Sources */ = {isa = PBXBuildFile; fileRef = 0AC4D2DE2B9FE268004F8576 /* MapView.swift */; };
		0AC4D2E12B9FE27F004F8576 /* JobView.swift in Sources */ = {isa = PBXBuildFile; fileRef = 0AC4D2E02B9FE27E004F8576 /* JobView.swift */; };
		0AC4D2E32B9FE28C004F8576 /* JobController.swift in Sources */ = {isa = PBXBuildFile; fileRef = 0AC4D2E22B9FE28C004F8576 /* JobController.swift */; };
		0AC4D2E52B9FE29C004F8576 /* JobViewModel.swift in Sources */ = {isa = PBXBuildFile; fileRef = 0AC4D2E42B9FE29C004F8576 /* JobViewModel.swift */; };
		0AC4D2E82B9FE2AF004F8576 /* Alamofire in Frameworks */ = {isa = PBXBuildFile; productRef = 0AC4D2E72B9FE2AF004F8576 /* Alamofire */; };
		0AC4D2EA2B9FE2AF004F8576 /* AlamofireDynamic in Frameworks */ = {isa = PBXBuildFile; productRef = 0AC4D2E92B9FE2AF004F8576 /* AlamofireDynamic */; };
		0AC4D2ED2B9FE2C1004F8576 /* SwiftyJSON in Frameworks */ = {isa = PBXBuildFile; productRef = 0AC4D2EC2B9FE2C1004F8576 /* SwiftyJSON */; };
		C2536BEE2BA2398F00E1190C /* SavedJobsView.swift in Sources */ = {isa = PBXBuildFile; fileRef = C2536BED2BA2398F00E1190C /* SavedJobsView.swift */; };
		DA52FCFB2B9FDFA000006682 /* FirebaseStorage in Frameworks */ = {isa = PBXBuildFile; productRef = DA52FCFA2B9FDFA000006682 /* FirebaseStorage */; };
		DA52FCFD2B9FDFA800006682 /* FirebaseFirestore in Frameworks */ = {isa = PBXBuildFile; productRef = DA52FCFC2B9FDFA800006682 /* FirebaseFirestore */; };
		DA52FCFF2B9FDFB000006682 /* FirebaseFirestoreSwift in Frameworks */ = {isa = PBXBuildFile; productRef = DA52FCFE2B9FDFB000006682 /* FirebaseFirestoreSwift */; };
		DA648E192B9FF2F20048042D /* FirebaseAuth in Frameworks */ = {isa = PBXBuildFile; productRef = DA648E182B9FF2F20048042D /* FirebaseAuth */; };
		DA7BA08B2BA18C81003AA924 /* JobDetailsView.swift in Sources */ = {isa = PBXBuildFile; fileRef = DA7BA08A2BA18C81003AA924 /* JobDetailsView.swift */; };
		DA7BA08D2BA227A5003AA924 /* FilterView.swift in Sources */ = {isa = PBXBuildFile; fileRef = DA7BA08C2BA227A5003AA924 /* FilterView.swift */; };
/* End PBXBuildFile section */

/* Begin PBXFileReference section */
		0A7D1D8C2BA2053900BAE2F3 /* CameraPicker.swift */ = {isa = PBXFileReference; lastKnownFileType = sourcecode.swift; path = CameraPicker.swift; sourceTree = "<group>"; };
		0A7D1D8E2BA2054400BAE2F3 /* LibraryPicker.swift */ = {isa = PBXFileReference; lastKnownFileType = sourcecode.swift; path = LibraryPicker.swift; sourceTree = "<group>"; };
		0AC4D1F92B9CF843004F8576 /* JobSearch_G5.app */ = {isa = PBXFileReference; explicitFileType = wrapper.application; includeInIndex = 0; path = JobSearch_G5.app; sourceTree = BUILT_PRODUCTS_DIR; };
		0AC4D1FC2B9CF843004F8576 /* JobSearch_G5App.swift */ = {isa = PBXFileReference; lastKnownFileType = sourcecode.swift; path = JobSearch_G5App.swift; sourceTree = "<group>"; };
		0AC4D1FE2B9CF843004F8576 /* SignInView.swift */ = {isa = PBXFileReference; lastKnownFileType = sourcecode.swift; path = SignInView.swift; sourceTree = "<group>"; };
		0AC4D2002B9CF845004F8576 /* Assets.xcassets */ = {isa = PBXFileReference; lastKnownFileType = folder.assetcatalog; path = Assets.xcassets; sourceTree = "<group>"; };
		0AC4D2032B9CF845004F8576 /* Preview Assets.xcassets */ = {isa = PBXFileReference; lastKnownFileType = folder.assetcatalog; path = "Preview Assets.xcassets"; sourceTree = "<group>"; };
		0AC4D20A2B9E0FF6004F8576 /* HomeScreen.swift */ = {isa = PBXFileReference; lastKnownFileType = sourcecode.swift; path = HomeScreen.swift; sourceTree = "<group>"; };
		0AC4D20C2B9E1071004F8576 /* SignUpView.swift */ = {isa = PBXFileReference; lastKnownFileType = sourcecode.swift; path = SignUpView.swift; sourceTree = "<group>"; };
		0AC4D2512B9E1A9E004F8576 /* SearchJobView.swift */ = {isa = PBXFileReference; lastKnownFileType = sourcecode.swift; path = SearchJobView.swift; sourceTree = "<group>"; };
		0AC4D2532B9E1B10004F8576 /* BookmarkedJobsView.swift */ = {isa = PBXFileReference; lastKnownFileType = sourcecode.swift; path = BookmarkedJobsView.swift; sourceTree = "<group>"; };
		0AC4D2552B9E1B9D004F8576 /* ProfileView.swift */ = {isa = PBXFileReference; lastKnownFileType = sourcecode.swift; path = ProfileView.swift; sourceTree = "<group>"; };
		0AC4D2B02B9E3967004F8576 /* GoogleService-Info.plist */ = {isa = PBXFileReference; fileEncoding = 4; lastKnownFileType = text.plist.xml; path = "GoogleService-Info.plist"; sourceTree = "<group>"; };
		0AC4D2B22B9E408B004F8576 /* FireAuthHelper.swift */ = {isa = PBXFileReference; lastKnownFileType = sourcecode.swift; path = FireAuthHelper.swift; sourceTree = "<group>"; };
		0AC4D2D92B9FE208004F8576 /* Job.swift */ = {isa = PBXFileReference; fileEncoding = 4; lastKnownFileType = sourcecode.swift; path = Job.swift; sourceTree = "<group>"; };
		0AC4D2DC2B9FE229004F8576 /* JobService.swift */ = {isa = PBXFileReference; fileEncoding = 4; lastKnownFileType = sourcecode.swift; path = JobService.swift; sourceTree = "<group>"; };
		0AC4D2DE2B9FE268004F8576 /* MapView.swift */ = {isa = PBXFileReference; fileEncoding = 4; lastKnownFileType = sourcecode.swift; path = MapView.swift; sourceTree = "<group>"; };
		0AC4D2E02B9FE27E004F8576 /* JobView.swift */ = {isa = PBXFileReference; fileEncoding = 4; lastKnownFileType = sourcecode.swift; path = JobView.swift; sourceTree = "<group>"; };
		0AC4D2E22B9FE28C004F8576 /* JobController.swift */ = {isa = PBXFileReference; fileEncoding = 4; lastKnownFileType = sourcecode.swift; path = JobController.swift; sourceTree = "<group>"; };
		0AC4D2E42B9FE29C004F8576 /* JobViewModel.swift */ = {isa = PBXFileReference; fileEncoding = 4; lastKnownFileType = sourcecode.swift; path = JobViewModel.swift; sourceTree = "<group>"; };
		C2536BED2BA2398F00E1190C /* SavedJobsView.swift */ = {isa = PBXFileReference; lastKnownFileType = sourcecode.swift; path = SavedJobsView.swift; sourceTree = "<group>"; };
		DA7BA08A2BA18C81003AA924 /* JobDetailsView.swift */ = {isa = PBXFileReference; lastKnownFileType = sourcecode.swift; path = JobDetailsView.swift; sourceTree = "<group>"; };
		DA7BA08C2BA227A5003AA924 /* FilterView.swift */ = {isa = PBXFileReference; lastKnownFileType = sourcecode.swift; path = FilterView.swift; sourceTree = "<group>"; };
/* End PBXFileReference section */

/* Begin PBXFrameworksBuildPhase section */
		0AC4D1F62B9CF843004F8576 /* Frameworks */ = {
			isa = PBXFrameworksBuildPhase;
			buildActionMask = 2147483647;
			files = (
				0AC4D2E82B9FE2AF004F8576 /* Alamofire in Frameworks */,
				0AC4D2ED2B9FE2C1004F8576 /* SwiftyJSON in Frameworks */,
				0AC4D2EA2B9FE2AF004F8576 /* AlamofireDynamic in Frameworks */,
				DA52FCFB2B9FDFA000006682 /* FirebaseStorage in Frameworks */,
				DA52FCFD2B9FDFA800006682 /* FirebaseFirestore in Frameworks */,
				DA648E192B9FF2F20048042D /* FirebaseAuth in Frameworks */,
				DA52FCFF2B9FDFB000006682 /* FirebaseFirestoreSwift in Frameworks */,
			);
			runOnlyForDeploymentPostprocessing = 0;
		};
/* End PBXFrameworksBuildPhase section */

/* Begin PBXGroup section */
		0AC4D1F02B9CF843004F8576 = {
			isa = PBXGroup;
			children = (
				0AC4D1FB2B9CF843004F8576 /* JobSearch_G5 */,
				0AC4D1FA2B9CF843004F8576 /* Products */,
				DA52FCF72B9FDF9A00006682 /* Frameworks */,
			);
			sourceTree = "<group>";
		};
		0AC4D1FA2B9CF843004F8576 /* Products */ = {
			isa = PBXGroup;
			children = (
				0AC4D1F92B9CF843004F8576 /* JobSearch_G5.app */,
			);
			name = Products;
			sourceTree = "<group>";
		};
		0AC4D1FB2B9CF843004F8576 /* JobSearch_G5 */ = {
			isa = PBXGroup;
			children = (
				0AC4D2DB2B9FE21A004F8576 /* Services */,
				0AC4D2D62B9FE113004F8576 /* Models */,
				0AC4D2D72B9FE11F004F8576 /* Views */,
				0AC4D2D82B9FE125004F8576 /* Controllers */,
				0AC4D2B02B9E3967004F8576 /* GoogleService-Info.plist */,
				0AC4D1FC2B9CF843004F8576 /* JobSearch_G5App.swift */,
				0AC4D2002B9CF845004F8576 /* Assets.xcassets */,
				0AC4D2022B9CF845004F8576 /* Preview Content */,
			);
			path = JobSearch_G5;
			sourceTree = "<group>";
		};
		0AC4D2022B9CF845004F8576 /* Preview Content */ = {
			isa = PBXGroup;
			children = (
				0AC4D2032B9CF845004F8576 /* Preview Assets.xcassets */,
			);
			path = "Preview Content";
			sourceTree = "<group>";
		};
		0AC4D2D62B9FE113004F8576 /* Models */ = {
			isa = PBXGroup;
			children = (
				0AC4D2D92B9FE208004F8576 /* Job.swift */,
			);
			path = Models;
			sourceTree = "<group>";
		};
		0AC4D2D72B9FE11F004F8576 /* Views */ = {
			isa = PBXGroup;
			children = (
				0AC4D2E42B9FE29C004F8576 /* JobViewModel.swift */,
				0AC4D2DE2B9FE268004F8576 /* MapView.swift */,
				0AC4D1FE2B9CF843004F8576 /* SignInView.swift */,
				0AC4D2E02B9FE27E004F8576 /* JobView.swift */,
				0AC4D20A2B9E0FF6004F8576 /* HomeScreen.swift */,
				0AC4D20C2B9E1071004F8576 /* SignUpView.swift */,
				0AC4D2512B9E1A9E004F8576 /* SearchJobView.swift */,
				0AC4D2532B9E1B10004F8576 /* BookmarkedJobsView.swift */,
				0AC4D2552B9E1B9D004F8576 /* ProfileView.swift */,
				DA7BA08A2BA18C81003AA924 /* JobDetailsView.swift */,
				DA7BA08C2BA227A5003AA924 /* FilterView.swift */,
				C2536BED2BA2398F00E1190C /* SavedJobsView.swift */,
			);
			path = Views;
			sourceTree = "<group>";
		};
		0AC4D2D82B9FE125004F8576 /* Controllers */ = {
			isa = PBXGroup;
			children = (
				0AC4D2B22B9E408B004F8576 /* FireAuthHelper.swift */,
				0AC4D2E22B9FE28C004F8576 /* JobController.swift */,
				0A7D1D8C2BA2053900BAE2F3 /* CameraPicker.swift */,
				0A7D1D8E2BA2054400BAE2F3 /* LibraryPicker.swift */,
			);
			path = Controllers;
			sourceTree = "<group>";
		};
		0AC4D2DB2B9FE21A004F8576 /* Services */ = {
			isa = PBXGroup;
			children = (
				0AC4D2DC2B9FE229004F8576 /* JobService.swift */,
			);
			path = Services;
			sourceTree = "<group>";
		};
		DA52FCF72B9FDF9A00006682 /* Frameworks */ = {
			isa = PBXGroup;
			children = (
			);
			name = Frameworks;
			sourceTree = "<group>";
		};
/* End PBXGroup section */

/* Begin PBXNativeTarget section */
		0AC4D1F82B9CF843004F8576 /* JobSearch_G5 */ = {
			isa = PBXNativeTarget;
			buildConfigurationList = 0AC4D2072B9CF845004F8576 /* Build configuration list for PBXNativeTarget "JobSearch_G5" */;
			buildPhases = (
				0AC4D1F52B9CF843004F8576 /* Sources */,
				0AC4D1F62B9CF843004F8576 /* Frameworks */,
				0AC4D1F72B9CF843004F8576 /* Resources */,
			);
			buildRules = (
			);
			dependencies = (
			);
			name = JobSearch_G5;
			packageProductDependencies = (
				DA52FCFA2B9FDFA000006682 /* FirebaseStorage */,
				DA52FCFC2B9FDFA800006682 /* FirebaseFirestore */,
				DA52FCFE2B9FDFB000006682 /* FirebaseFirestoreSwift */,
				0AC4D2E72B9FE2AF004F8576 /* Alamofire */,
				0AC4D2E92B9FE2AF004F8576 /* AlamofireDynamic */,
				0AC4D2EC2B9FE2C1004F8576 /* SwiftyJSON */,
				DA648E182B9FF2F20048042D /* FirebaseAuth */,
			);
			productName = JobSearch_G5;
			productReference = 0AC4D1F92B9CF843004F8576 /* JobSearch_G5.app */;
			productType = "com.apple.product-type.application";
		};
/* End PBXNativeTarget section */

/* Begin PBXProject section */
		0AC4D1F12B9CF843004F8576 /* Project object */ = {
			isa = PBXProject;
			attributes = {
				BuildIndependentTargetsInParallel = 1;
				LastSwiftUpdateCheck = 1530;
				LastUpgradeCheck = 1530;
				TargetAttributes = {
					0AC4D1F82B9CF843004F8576 = {
						CreatedOnToolsVersion = 15.3;
					};
				};
			};
			buildConfigurationList = 0AC4D1F42B9CF843004F8576 /* Build configuration list for PBXProject "JobSearch_G5" */;
			compatibilityVersion = "Xcode 14.0";
			developmentRegion = en;
			hasScannedForEncodings = 0;
			knownRegions = (
				en,
				Base,
			);
			mainGroup = 0AC4D1F02B9CF843004F8576;
			packageReferences = (
				0AC4D2A52B9E3290004F8576 /* XCRemoteSwiftPackageReference "firebase-ios-sdk" */,
				0AC4D2E62B9FE2AE004F8576 /* XCRemoteSwiftPackageReference "Alamofire" */,
				0AC4D2EB2B9FE2C0004F8576 /* XCRemoteSwiftPackageReference "SwiftyJSON" */,
			);
			productRefGroup = 0AC4D1FA2B9CF843004F8576 /* Products */;
			projectDirPath = "";
			projectRoot = "";
			targets = (
				0AC4D1F82B9CF843004F8576 /* JobSearch_G5 */,
			);
		};
/* End PBXProject section */

/* Begin PBXResourcesBuildPhase section */
		0AC4D1F72B9CF843004F8576 /* Resources */ = {
			isa = PBXResourcesBuildPhase;
			buildActionMask = 2147483647;
			files = (
				0AC4D2042B9CF845004F8576 /* Preview Assets.xcassets in Resources */,
				0AC4D2012B9CF845004F8576 /* Assets.xcassets in Resources */,
				0AC4D2B12B9E3967004F8576 /* GoogleService-Info.plist in Resources */,
			);
			runOnlyForDeploymentPostprocessing = 0;
		};
/* End PBXResourcesBuildPhase section */

/* Begin PBXSourcesBuildPhase section */
		0AC4D1F52B9CF843004F8576 /* Sources */ = {
			isa = PBXSourcesBuildPhase;
			buildActionMask = 2147483647;
			files = (
				0AC4D1FF2B9CF843004F8576 /* SignInView.swift in Sources */,
				0AC4D2DD2B9FE229004F8576 /* JobService.swift in Sources */,
				0A7D1D8F2BA2054400BAE2F3 /* LibraryPicker.swift in Sources */,
				C2536BEE2BA2398F00E1190C /* SavedJobsView.swift in Sources */,
				0AC4D2E52B9FE29C004F8576 /* JobViewModel.swift in Sources */,
				0AC4D2542B9E1B10004F8576 /* BookmarkedJobsView.swift in Sources */,
				0A7D1D8D2BA2053900BAE2F3 /* CameraPicker.swift in Sources */,
				0AC4D2DF2B9FE268004F8576 /* MapView.swift in Sources */,
				0AC4D20D2B9E1071004F8576 /* SignUpView.swift in Sources */,
				0AC4D2522B9E1A9E004F8576 /* SearchJobView.swift in Sources */,
				0AC4D2E12B9FE27F004F8576 /* JobView.swift in Sources */,
				0AC4D2DA2B9FE208004F8576 /* Job.swift in Sources */,
				0AC4D1FD2B9CF843004F8576 /* JobSearch_G5App.swift in Sources */,
				0AC4D2E32B9FE28C004F8576 /* JobController.swift in Sources */,
				0AC4D2562B9E1B9D004F8576 /* ProfileView.swift in Sources */,
				DA7BA08D2BA227A5003AA924 /* FilterView.swift in Sources */,
				DA7BA08B2BA18C81003AA924 /* JobDetailsView.swift in Sources */,
				0AC4D20B2B9E0FF6004F8576 /* HomeScreen.swift in Sources */,
				0AC4D2B32B9E408B004F8576 /* FireAuthHelper.swift in Sources */,
			);
			runOnlyForDeploymentPostprocessing = 0;
		};
/* End PBXSourcesBuildPhase section */

/* Begin XCBuildConfiguration section */
		0AC4D2052B9CF845004F8576 /* Debug */ = {
			isa = XCBuildConfiguration;
			buildSettings = {
				ALWAYS_SEARCH_USER_PATHS = NO;
				ASSETCATALOG_COMPILER_GENERATE_SWIFT_ASSET_SYMBOL_EXTENSIONS = YES;
				CLANG_ANALYZER_NONNULL = YES;
				CLANG_ANALYZER_NUMBER_OBJECT_CONVERSION = YES_AGGRESSIVE;
				CLANG_CXX_LANGUAGE_STANDARD = "gnu++20";
				CLANG_ENABLE_MODULES = YES;
				CLANG_ENABLE_OBJC_ARC = YES;
				CLANG_ENABLE_OBJC_WEAK = YES;
				CLANG_WARN_BLOCK_CAPTURE_AUTORELEASING = YES;
				CLANG_WARN_BOOL_CONVERSION = YES;
				CLANG_WARN_COMMA = YES;
				CLANG_WARN_CONSTANT_CONVERSION = YES;
				CLANG_WARN_DEPRECATED_OBJC_IMPLEMENTATIONS = YES;
				CLANG_WARN_DIRECT_OBJC_ISA_USAGE = YES_ERROR;
				CLANG_WARN_DOCUMENTATION_COMMENTS = YES;
				CLANG_WARN_EMPTY_BODY = YES;
				CLANG_WARN_ENUM_CONVERSION = YES;
				CLANG_WARN_INFINITE_RECURSION = YES;
				CLANG_WARN_INT_CONVERSION = YES;
				CLANG_WARN_NON_LITERAL_NULL_CONVERSION = YES;
				CLANG_WARN_OBJC_IMPLICIT_RETAIN_SELF = YES;
				CLANG_WARN_OBJC_LITERAL_CONVERSION = YES;
				CLANG_WARN_OBJC_ROOT_CLASS = YES_ERROR;
				CLANG_WARN_QUOTED_INCLUDE_IN_FRAMEWORK_HEADER = YES;
				CLANG_WARN_RANGE_LOOP_ANALYSIS = YES;
				CLANG_WARN_STRICT_PROTOTYPES = YES;
				CLANG_WARN_SUSPICIOUS_MOVE = YES;
				CLANG_WARN_UNGUARDED_AVAILABILITY = YES_AGGRESSIVE;
				CLANG_WARN_UNREACHABLE_CODE = YES;
				CLANG_WARN__DUPLICATE_METHOD_MATCH = YES;
				COPY_PHASE_STRIP = NO;
				DEBUG_INFORMATION_FORMAT = dwarf;
				ENABLE_STRICT_OBJC_MSGSEND = YES;
				ENABLE_TESTABILITY = YES;
				ENABLE_USER_SCRIPT_SANDBOXING = YES;
				GCC_C_LANGUAGE_STANDARD = gnu17;
				GCC_DYNAMIC_NO_PIC = NO;
				GCC_NO_COMMON_BLOCKS = YES;
				GCC_OPTIMIZATION_LEVEL = 0;
				GCC_PREPROCESSOR_DEFINITIONS = (
					"DEBUG=1",
					"$(inherited)",
				);
				GCC_WARN_64_TO_32_BIT_CONVERSION = YES;
				GCC_WARN_ABOUT_RETURN_TYPE = YES_ERROR;
				GCC_WARN_UNDECLARED_SELECTOR = YES;
				GCC_WARN_UNINITIALIZED_AUTOS = YES_AGGRESSIVE;
				GCC_WARN_UNUSED_FUNCTION = YES;
				GCC_WARN_UNUSED_VARIABLE = YES;
				IPHONEOS_DEPLOYMENT_TARGET = 17.4;
				LOCALIZATION_PREFERS_STRING_CATALOGS = YES;
				MTL_ENABLE_DEBUG_INFO = INCLUDE_SOURCE;
				MTL_FAST_MATH = YES;
				ONLY_ACTIVE_ARCH = YES;
				SDKROOT = iphoneos;
				SWIFT_ACTIVE_COMPILATION_CONDITIONS = "DEBUG $(inherited)";
				SWIFT_OPTIMIZATION_LEVEL = "-Onone";
			};
			name = Debug;
		};
		0AC4D2062B9CF845004F8576 /* Release */ = {
			isa = XCBuildConfiguration;
			buildSettings = {
				ALWAYS_SEARCH_USER_PATHS = NO;
				ASSETCATALOG_COMPILER_GENERATE_SWIFT_ASSET_SYMBOL_EXTENSIONS = YES;
				CLANG_ANALYZER_NONNULL = YES;
				CLANG_ANALYZER_NUMBER_OBJECT_CONVERSION = YES_AGGRESSIVE;
				CLANG_CXX_LANGUAGE_STANDARD = "gnu++20";
				CLANG_ENABLE_MODULES = YES;
				CLANG_ENABLE_OBJC_ARC = YES;
				CLANG_ENABLE_OBJC_WEAK = YES;
				CLANG_WARN_BLOCK_CAPTURE_AUTORELEASING = YES;
				CLANG_WARN_BOOL_CONVERSION = YES;
				CLANG_WARN_COMMA = YES;
				CLANG_WARN_CONSTANT_CONVERSION = YES;
				CLANG_WARN_DEPRECATED_OBJC_IMPLEMENTATIONS = YES;
				CLANG_WARN_DIRECT_OBJC_ISA_USAGE = YES_ERROR;
				CLANG_WARN_DOCUMENTATION_COMMENTS = YES;
				CLANG_WARN_EMPTY_BODY = YES;
				CLANG_WARN_ENUM_CONVERSION = YES;
				CLANG_WARN_INFINITE_RECURSION = YES;
				CLANG_WARN_INT_CONVERSION = YES;
				CLANG_WARN_NON_LITERAL_NULL_CONVERSION = YES;
				CLANG_WARN_OBJC_IMPLICIT_RETAIN_SELF = YES;
				CLANG_WARN_OBJC_LITERAL_CONVERSION = YES;
				CLANG_WARN_OBJC_ROOT_CLASS = YES_ERROR;
				CLANG_WARN_QUOTED_INCLUDE_IN_FRAMEWORK_HEADER = YES;
				CLANG_WARN_RANGE_LOOP_ANALYSIS = YES;
				CLANG_WARN_STRICT_PROTOTYPES = YES;
				CLANG_WARN_SUSPICIOUS_MOVE = YES;
				CLANG_WARN_UNGUARDED_AVAILABILITY = YES_AGGRESSIVE;
				CLANG_WARN_UNREACHABLE_CODE = YES;
				CLANG_WARN__DUPLICATE_METHOD_MATCH = YES;
				COPY_PHASE_STRIP = NO;
				DEBUG_INFORMATION_FORMAT = "dwarf-with-dsym";
				ENABLE_NS_ASSERTIONS = NO;
				ENABLE_STRICT_OBJC_MSGSEND = YES;
				ENABLE_USER_SCRIPT_SANDBOXING = YES;
				GCC_C_LANGUAGE_STANDARD = gnu17;
				GCC_NO_COMMON_BLOCKS = YES;
				GCC_WARN_64_TO_32_BIT_CONVERSION = YES;
				GCC_WARN_ABOUT_RETURN_TYPE = YES_ERROR;
				GCC_WARN_UNDECLARED_SELECTOR = YES;
				GCC_WARN_UNINITIALIZED_AUTOS = YES_AGGRESSIVE;
				GCC_WARN_UNUSED_FUNCTION = YES;
				GCC_WARN_UNUSED_VARIABLE = YES;
				IPHONEOS_DEPLOYMENT_TARGET = 17.4;
				LOCALIZATION_PREFERS_STRING_CATALOGS = YES;
				MTL_ENABLE_DEBUG_INFO = NO;
				MTL_FAST_MATH = YES;
				SDKROOT = iphoneos;
				SWIFT_COMPILATION_MODE = wholemodule;
				VALIDATE_PRODUCT = YES;
			};
			name = Release;
		};
		0AC4D2082B9CF845004F8576 /* Debug */ = {
			isa = XCBuildConfiguration;
			buildSettings = {
				ASSETCATALOG_COMPILER_APPICON_NAME = AppIcon;
				ASSETCATALOG_COMPILER_GLOBAL_ACCENT_COLOR_NAME = AccentColor;
				CODE_SIGN_STYLE = Automatic;
				CURRENT_PROJECT_VERSION = 1;
				DEVELOPMENT_ASSET_PATHS = "\"JobSearch_G5/Preview Content\"";
				ENABLE_PREVIEWS = YES;
				GENERATE_INFOPLIST_FILE = YES;
				INFOPLIST_KEY_NSCameraUsageDescription = "This app needs to access Camera.";
				INFOPLIST_KEY_NSPhotoLibraryUsageDescription = "This app needs to access Photo Library";
				INFOPLIST_KEY_UIApplicationSceneManifest_Generation = YES;
				INFOPLIST_KEY_UIApplicationSupportsIndirectInputEvents = YES;
				INFOPLIST_KEY_UILaunchScreen_Generation = YES;
				INFOPLIST_KEY_UISupportedInterfaceOrientations_iPad = "UIInterfaceOrientationPortrait UIInterfaceOrientationPortraitUpsideDown UIInterfaceOrientationLandscapeLeft UIInterfaceOrientationLandscapeRight";
				INFOPLIST_KEY_UISupportedInterfaceOrientations_iPhone = "UIInterfaceOrientationPortrait UIInterfaceOrientationLandscapeLeft UIInterfaceOrientationLandscapeRight";
				IPHONEOS_DEPLOYMENT_TARGET = 17.2;
				LD_RUNPATH_SEARCH_PATHS = (
					"$(inherited)",
					"@executable_path/Frameworks",
				);
				MARKETING_VERSION = 1.0;
				PRODUCT_BUNDLE_IDENTIFIER = "Test.JobSearch-G5";
				PRODUCT_NAME = "$(TARGET_NAME)";
				SWIFT_EMIT_LOC_STRINGS = YES;
				SWIFT_VERSION = 5.0;
				TARGETED_DEVICE_FAMILY = "1,2";
			};
			name = Debug;
		};
		0AC4D2092B9CF845004F8576 /* Release */ = {
			isa = XCBuildConfiguration;
			buildSettings = {
				ASSETCATALOG_COMPILER_APPICON_NAME = AppIcon;
				ASSETCATALOG_COMPILER_GLOBAL_ACCENT_COLOR_NAME = AccentColor;
				CODE_SIGN_STYLE = Automatic;
				CURRENT_PROJECT_VERSION = 1;
				DEVELOPMENT_ASSET_PATHS = "\"JobSearch_G5/Preview Content\"";
				ENABLE_PREVIEWS = YES;
				GENERATE_INFOPLIST_FILE = YES;
				INFOPLIST_KEY_NSCameraUsageDescription = "This app needs to access Camera.";
				INFOPLIST_KEY_NSPhotoLibraryUsageDescription = "This app needs to access Photo Library";
				INFOPLIST_KEY_UIApplicationSceneManifest_Generation = YES;
				INFOPLIST_KEY_UIApplicationSupportsIndirectInputEvents = YES;
				INFOPLIST_KEY_UILaunchScreen_Generation = YES;
				INFOPLIST_KEY_UISupportedInterfaceOrientations_iPad = "UIInterfaceOrientationPortrait UIInterfaceOrientationPortraitUpsideDown UIInterfaceOrientationLandscapeLeft UIInterfaceOrientationLandscapeRight";
				INFOPLIST_KEY_UISupportedInterfaceOrientations_iPhone = "UIInterfaceOrientationPortrait UIInterfaceOrientationLandscapeLeft UIInterfaceOrientationLandscapeRight";
				IPHONEOS_DEPLOYMENT_TARGET = 17.2;
				LD_RUNPATH_SEARCH_PATHS = (
					"$(inherited)",
					"@executable_path/Frameworks",
				);
				MARKETING_VERSION = 1.0;
				PRODUCT_BUNDLE_IDENTIFIER = "Test.JobSearch-G5";
				PRODUCT_NAME = "$(TARGET_NAME)";
				SWIFT_EMIT_LOC_STRINGS = YES;
				SWIFT_VERSION = 5.0;
				TARGETED_DEVICE_FAMILY = "1,2";
			};
			name = Release;
		};
/* End XCBuildConfiguration section */

/* Begin XCConfigurationList section */
		0AC4D1F42B9CF843004F8576 /* Build configuration list for PBXProject "JobSearch_G5" */ = {
			isa = XCConfigurationList;
			buildConfigurations = (
				0AC4D2052B9CF845004F8576 /* Debug */,
				0AC4D2062B9CF845004F8576 /* Release */,
			);
			defaultConfigurationIsVisible = 0;
			defaultConfigurationName = Release;
		};
		0AC4D2072B9CF845004F8576 /* Build configuration list for PBXNativeTarget "JobSearch_G5" */ = {
			isa = XCConfigurationList;
			buildConfigurations = (
				0AC4D2082B9CF845004F8576 /* Debug */,
				0AC4D2092B9CF845004F8576 /* Release */,
			);
			defaultConfigurationIsVisible = 0;
			defaultConfigurationName = Release;
		};
/* End XCConfigurationList section */

/* Begin XCRemoteSwiftPackageReference section */
		0AC4D2A52B9E3290004F8576 /* XCRemoteSwiftPackageReference "firebase-ios-sdk" */ = {
			isa = XCRemoteSwiftPackageReference;
			repositoryURL = "https://github.com/firebase/firebase-ios-sdk";
			requirement = {
				kind = upToNextMajorVersion;
				minimumVersion = 10.22.1;
			};
		};
		0AC4D2E62B9FE2AE004F8576 /* XCRemoteSwiftPackageReference "Alamofire" */ = {
			isa = XCRemoteSwiftPackageReference;
			repositoryURL = "https://github.com/Alamofire/Alamofire.git";
			requirement = {
				kind = upToNextMajorVersion;
				minimumVersion = 5.9.0;
			};
		};
		0AC4D2EB2B9FE2C0004F8576 /* XCRemoteSwiftPackageReference "SwiftyJSON" */ = {
			isa = XCRemoteSwiftPackageReference;
			repositoryURL = "https://github.com/SwiftyJSON/SwiftyJSON.git";
			requirement = {
				kind = upToNextMajorVersion;
				minimumVersion = 5.0.1;
			};
		};
/* End XCRemoteSwiftPackageReference section */

/* Begin XCSwiftPackageProductDependency section */
		0AC4D2E72B9FE2AF004F8576 /* Alamofire */ = {
			isa = XCSwiftPackageProductDependency;
			package = 0AC4D2E62B9FE2AE004F8576 /* XCRemoteSwiftPackageReference "Alamofire" */;
			productName = Alamofire;
		};
		0AC4D2E92B9FE2AF004F8576 /* AlamofireDynamic */ = {
			isa = XCSwiftPackageProductDependency;
			package = 0AC4D2E62B9FE2AE004F8576 /* XCRemoteSwiftPackageReference "Alamofire" */;
			productName = AlamofireDynamic;
		};
		0AC4D2EC2B9FE2C1004F8576 /* SwiftyJSON */ = {
			isa = XCSwiftPackageProductDependency;
			package = 0AC4D2EB2B9FE2C0004F8576 /* XCRemoteSwiftPackageReference "SwiftyJSON" */;
			productName = SwiftyJSON;
		};
		DA52FCFA2B9FDFA000006682 /* FirebaseStorage */ = {
			isa = XCSwiftPackageProductDependency;
			package = 0AC4D2A52B9E3290004F8576 /* XCRemoteSwiftPackageReference "firebase-ios-sdk" */;
			productName = FirebaseStorage;
		};
		DA52FCFC2B9FDFA800006682 /* FirebaseFirestore */ = {
			isa = XCSwiftPackageProductDependency;
			package = 0AC4D2A52B9E3290004F8576 /* XCRemoteSwiftPackageReference "firebase-ios-sdk" */;
			productName = FirebaseFirestore;
		};
		DA52FCFE2B9FDFB000006682 /* FirebaseFirestoreSwift */ = {
			isa = XCSwiftPackageProductDependency;
			package = 0AC4D2A52B9E3290004F8576 /* XCRemoteSwiftPackageReference "firebase-ios-sdk" */;
			productName = FirebaseFirestoreSwift;
		};
		DA648E182B9FF2F20048042D /* FirebaseAuth */ = {
			isa = XCSwiftPackageProductDependency;
			package = 0AC4D2A52B9E3290004F8576 /* XCRemoteSwiftPackageReference "firebase-ios-sdk" */;
			productName = FirebaseAuth;
		};
/* End XCSwiftPackageProductDependency section */
	};
	rootObject = 0AC4D1F12B9CF843004F8576 /* Project object */;
}
